{
  "requires": true,
  "lockfileVersion": 1,
  "dependencies": {
    "create-react-native-app": {
      "version": "3.1.1",
      "resolved": "https://registry.npmjs.org/create-react-native-app/-/create-react-native-app-3.1.1.tgz",
      "integrity": "sha512-l4f3E7chtJp4QxiPBxEAE6gFSSF/gm+RxTfyQzxsl3nTGe1wHUU9AYUQgXQ86zfyq7n8gGmRd3MS5wYLodKo8g=="
    }
  }
}
